
Microsoft Visual Studio Solution File, Format Version 12.00
# Visual Studio 15
VisualStudioVersion = 15.0.27703.2042
MinimumVisualStudioVersion = 10.0.40219.1
Project("{FAE04EC0-301F-11D3-BF4B-00C04F79EFBC}") = "The Kingdom of Nine", "The Kingdom of Nine\The Kingdom of Nine.csproj", "{733967C6-54F6-402C-8C7B-856C378094A9}"
EndProject
Global
	GlobalSection(SolutionConfigurationPlatforms) = preSolution
		Debug|Any CPU = Debug|Any CPU
		Release|Any CPU = Release|Any CPU
	EndGlobalSection
	GlobalSection(ProjectConfigurationPlatforms) = postSolution
		{733967C6-54F6-402C-8C7B-856C378094A9}.Debug|Any CPU.ActiveCfg = Debug|Any CPU
		{733967C6-54F6-402C-8C7B-856C378094A9}.Debug|Any CPU.Build.0 = Debug|Any CPU
		{733967C6-54F6-402C-8C7B-856C378094A9}.Release|Any CPU.ActiveCfg = Release|Any CPU
		{733967C6-54F6-402C-8C7B-856C378094A9}.Release|Any CPU.Build.0 = Release|Any CPU
	EndGlobalSection
	GlobalSection(SolutionProperties) = preSolution
		HideSolutionNode = FALSE
	EndGlobalSection
	GlobalSection(ExtensibilityGlobals) = postSolution
		SolutionGuid = {7CEF1C96-D92B-4061-980C-A635176EF19C}
	EndGlobalSection
EndGlobal
